// !$*UTF8*$!
{
	archiveVersion = 1;
	classes = {
	};
	objectVersion = 46;
	objects = {

/* Begin PBXBuildFile section */
		1D9398FA1EA7EDFD00EE91EB /* AppDelegate.swift in Sources */ = {isa = PBXBuildFile; fileRef = 1D9398F91EA7EDFD00EE91EB /* AppDelegate.swift */; };
		1D9398FC1EA7EDFD00EE91EB /* ViewController.swift in Sources */ = {isa = PBXBuildFile; fileRef = 1D9398FB1EA7EDFD00EE91EB /* ViewController.swift */; };
		1D9398FF1EA7EDFD00EE91EB /* Main.storyboard in Resources */ = {isa = PBXBuildFile; fileRef = 1D9398FD1EA7EDFD00EE91EB /* Main.storyboard */; };
		1D9399011EA7EDFD00EE91EB /* Assets.xcassets in Resources */ = {isa = PBXBuildFile; fileRef = 1D9399001EA7EDFD00EE91EB /* Assets.xcassets */; };
		1D9399041EA7EDFD00EE91EB /* LaunchScreen.storyboard in Resources */ = {isa = PBXBuildFile; fileRef = 1D9399021EA7EDFD00EE91EB /* LaunchScreen.storyboard */; };
		1D93990D1EA7EFE700EE91EB /* MapKit.framework in Frameworks */ = {isa = PBXBuildFile; fileRef = 1D93990C1EA7EFE700EE91EB /* MapKit.framework */; };
		1D93990F1EA7F23300EE91EB /* Pin.swift in Sources */ = {isa = PBXBuildFile; fileRef = 1D93990E1EA7F23300EE91EB /* Pin.swift */; };
		1D9399111EA7FCCD00EE91EB /* ArrayPin.swift in Sources */ = {isa = PBXBuildFile; fileRef = 1D9399101EA7FCCD00EE91EB /* ArrayPin.swift */; };
/* End PBXBuildFile section */

/* Begin PBXFileReference section */
		1D9398F61EA7EDFD00EE91EB /* Map.app */ = {isa = PBXFileReference; explicitFileType = wrapper.application; includeInIndex = 0; path = Map.app; sourceTree = BUILT_PRODUCTS_DIR; };
		1D9398F91EA7EDFD00EE91EB /* AppDelegate.swift */ = {isa = PBXFileReference; lastKnownFileType = sourcecode.swift; path = AppDelegate.swift; sourceTree = "<group>"; };
		1D9398FB1EA7EDFD00EE91EB /* ViewController.swift */ = {isa = PBXFileReference; lastKnownFileType = sourcecode.swift; path = ViewController.swift; sourceTree = "<group>"; };
		1D9398FE1EA7EDFD00EE91EB /* Base */ = {isa = PBXFileReference; lastKnownFileType = file.storyboard; name = Base; path = Base.lproj/Main.storyboard; sourceTree = "<group>"; };
		1D9399001EA7EDFD00EE91EB /* Assets.xcassets */ = {isa = PBXFileReference; lastKnownFileType = folder.assetcatalog; path = Assets.xcassets; sourceTree = "<group>"; };
		1D9399031EA7EDFD00EE91EB /* Base */ = {isa = PBXFileReference; lastKnownFileType = file.storyboard; name = Base; path = Base.lproj/LaunchScreen.storyboard; sourceTree = "<group>"; };
		1D9399051EA7EDFD00EE91EB /* Info.plist */ = {isa = PBXFileReference; lastKnownFileType = text.plist.xml; path = Info.plist; sourceTree = "<group>"; };
		1D93990C1EA7EFE700EE91EB /* MapKit.framework */ = {isa = PBXFileReference; lastKnownFileType = wrapper.framework; name = MapKit.framework; path = System/Library/Frameworks/MapKit.framework; sourceTree = SDKROOT; };
		1D93990E1EA7F23300EE91EB /* Pin.swift */ = {isa = PBXFileReference; fileEncoding = 4; lastKnownFileType = sourcecode.swift; path = Pin.swift; sourceTree = "<group>"; };
		1D9399101EA7FCCD00EE91EB /* ArrayPin.swift */ = {isa = PBXFileReference; fileEncoding = 4; lastKnownFileType = sourcecode.swift; path = ArrayPin.swift; sourceTree = "<group>"; };
/* End PBXFileReference section */

/* Begin PBXFrameworksBuildPhase section */
		1D9398F31EA7EDFD00EE91EB /* Frameworks */ = {
			isa = PBXFrameworksBuildPhase;
			buildActionMask = 2147483647;
			files = (
				1D93990D1EA7EFE700EE91EB /* MapKit.framework in Frameworks */,
			);
			runOnlyForDeploymentPostprocessing = 0;
		};
/* End PBXFrameworksBuildPhase section */

/* Begin PBXGroup section */
		1D9398ED1EA7EDFD00EE91EB = {
			isa = PBXGroup;
			children = (
				1D9398F81EA7EDFD00EE91EB /* Map */,
				1D9398F71EA7EDFD00EE91EB /* Products */,
				1D93990B1EA7EFE700EE91EB /* Frameworks */,
			);
			sourceTree = "<group>";
		};
		1D9398F71EA7EDFD00EE91EB /* Products */ = {
			isa = PBXGroup;
			children = (
				1D9398F61EA7EDFD00EE91EB /* Map.app */,
			);
			name = Products;
			sourceTree = "<group>";
		};
		1D9398F81EA7EDFD00EE91EB /* Map */ = {
			isa = PBXGroup;
			children = (
				1D9398F91EA7EDFD00EE91EB /* AppDelegate.swift */,
				1D9398FB1EA7EDFD00EE91EB /* ViewController.swift */,
				1D9398FD1EA7EDFD00EE91EB /* Main.storyboard */,
				1D9399001EA7EDFD00EE91EB /* Assets.xcassets */,
				1D9399021EA7EDFD00EE91EB /* LaunchScreen.storyboard */,
				1D9399051EA7EDFD00EE91EB /* Info.plist */,
				1D93990E1EA7F23300EE91EB /* Pin.swift */,
				1D9399101EA7FCCD00EE91EB /* ArrayPin.swift */,
			);
			path = Map;
			sourceTree = "<group>";
		};
		1D93990B1EA7EFE700EE91EB /* Frameworks */ = {
			isa = PBXGroup;
			children = (
				1D93990C1EA7EFE700EE91EB /* MapKit.framework */,
			);
			name = Frameworks;
			sourceTree = "<group>";
		};
/* End PBXGroup section */

/* Begin PBXNativeTarget section */
		1D9398F51EA7EDFD00EE91EB /* Map */ = {
			isa = PBXNativeTarget;
			buildConfigurationList = 1D9399081EA7EDFD00EE91EB /* Build configuration list for PBXNativeTarget "Map" */;
			buildPhases = (
				1D9398F21EA7EDFD00EE91EB /* Sources */,
				1D9398F31EA7EDFD00EE91EB /* Frameworks */,
				1D9398F41EA7EDFD00EE91EB /* Resources */,
			);
			buildRules = (
			);
			dependencies = (
			);
			name = Map;
			productName = Map;
			productReference = 1D9398F61EA7EDFD00EE91EB /* Map.app */;
			productType = "com.apple.product-type.application";
		};
/* End PBXNativeTarget section */

/* Begin PBXProject section */
		1D9398EE1EA7EDFD00EE91EB /* Project object */ = {
			isa = PBXProject;
			attributes = {
				LastSwiftUpdateCheck = 0830;
				LastUpgradeCheck = 0830;
				ORGANIZATIONNAME = mackmobile;
				TargetAttributes = {
					1D9398F51EA7EDFD00EE91EB = {
						CreatedOnToolsVersion = 8.3.1;
						DevelopmentTeam = 349F6PJY22;
						ProvisioningStyle = Automatic;
						SystemCapabilities = {
							com.apple.Maps.iOS = {
								enabled = 1;
							};
						};
					};
				};
			};
			buildConfigurationList = 1D9398F11EA7EDFD00EE91EB /* Build configuration list for PBXProject "Map" */;
			compatibilityVersion = "Xcode 3.2";
			developmentRegion = English;
			hasScannedForEncodings = 0;
			knownRegions = (
				en,
				Base,
			);
			mainGroup = 1D9398ED1EA7EDFD00EE91EB;
			productRefGroup = 1D9398F71EA7EDFD00EE91EB /* Products */;
			projectDirPath = "";
			projectRoot = "";
			targets = (
				1D9398F51EA7EDFD00EE91EB /* Map */,
			);
		};
/* End PBXProject section */

/* Begin PBXResourcesBuildPhase section */
		1D9398F41EA7EDFD00EE91EB /* Resources */ = {
			isa = PBXResourcesBuildPhase;
			buildActionMask = 2147483647;
			files = (
				1D9399041EA7EDFD00EE91EB /* LaunchScreen.storyboard in Resources */,
				1D9399011EA7EDFD00EE91EB /* Assets.xcassets in Resources */,
				1D9398FF1EA7EDFD00EE91EB /* Main.storyboard in Resources */,
			);
			runOnlyForDeploymentPostprocessing = 0;
		};
/* End PBXResourcesBuildPhase section */

/* Begin PBXSourcesBuildPhase section */
		1D9398F21EA7EDFD00EE91EB /* Sources */ = {
			isa = PBXSourcesBuildPhase;
			buildActionMask = 2147483647;
			files = (
				1D93990F1EA7F23300EE91EB /* Pin.swift in Sources */,
				1D9398FC1EA7EDFD00EE91EB /* ViewController.swift in Sources */,
				1D9398FA1EA7EDFD00EE91EB /* AppDelegate.swift in Sources */,
				1D9399111EA7FCCD00EE91EB /* ArrayPin.swift in Sources */,
			);
			runOnlyForDeploymentPostprocessing = 0;
		};
/* End PBXSourcesBuildPhase section */

/* Begin PBXVariantGroup section */
		1D9398FD1EA7EDFD00EE91EB /* Main.storyboard */ = {
			isa = PBXVariantGroup;
			children = (
				1D9398FE1EA7EDFD00EE91EB /* Base */,
			);
			name = Main.storyboard;
			sourceTree = "<group>";
		};
		1D9399021EA7EDFD00EE91EB /* LaunchScreen.storyboard */ = {
			isa = PBXVariantGroup;
			children = (
				1D9399031EA7EDFD00EE91EB /* Base */,
			);
			name = LaunchScreen.storyboard;
			sourceTree = "<group>";
		};
/* End PBXVariantGroup section */

/* Begin XCBuildConfiguration section */
		1D9399061EA7EDFD00EE91EB /* Debug */ = {
			isa = XCBuildConfiguration;
			buildSettings = {
				ALWAYS_SEARCH_USER_PATHS = NO;
				CLANG_ANALYZER_NONNULL = YES;
				CLANG_ANALYZER_NUMBER_OBJECT_CONVERSION = YES_AGGRESSIVE;
				CLANG_CXX_LANGUAGE_STANDARD = "gnu++0x";
				CLANG_CXX_LIBRARY = "libc++";
				CLANG_ENABLE_MODULES = YES;
				CLANG_ENABLE_OBJC_ARC = YES;
				CLANG_WARN_BOOL_CONVERSION = YES;
				CLANG_WARN_CONSTANT_CONVERSION = YES;
				CLANG_WARN_DIRECT_OBJC_ISA_USAGE = YES_ERROR;
				CLANG_WARN_DOCUMENTATION_COMMENTS = YES;
				CLANG_WARN_EMPTY_BODY = YES;
				CLANG_WARN_ENUM_CONVERSION = YES;
				CLANG_WARN_INFINITE_RECURSION = YES;
				CLANG_WARN_INT_CONVERSION = YES;
				CLANG_WARN_OBJC_ROOT_CLASS = YES_ERROR;
				CLANG_WARN_SUSPICIOUS_MOVE = YES;
				CLANG_WARN_UNREACHABLE_CODE = YES;
				CLANG_WARN__DUPLICATE_METHOD_MATCH = YES;
				"CODE_SIGN_IDENTITY[sdk=iphoneos*]" = "iPhone Developer";
				COPY_PHASE_STRIP = NO;
				DEBUG_INFORMATION_FORMAT = dwarf;
				ENABLE_STRICT_OBJC_MSGSEND = YES;
				ENABLE_TESTABILITY = YES;
				GCC_C_LANGUAGE_STANDARD = gnu99;
				GCC_DYNAMIC_NO_PIC = NO;
				GCC_NO_COMMON_BLOCKS = YES;
				GCC_OPTIMIZATION_LEVEL = 0;
				GCC_PREPROCESSOR_DEFINITIONS = (
					"DEBUG=1",
					"$(inherited)",
				);
				GCC_WARN_64_TO_32_BIT_CONVERSION = YES;
				GCC_WARN_ABOUT_RETURN_TYPE = YES_ERROR;
				GCC_WARN_UNDECLARED_SELECTOR = YES;
				GCC_WARN_UNINITIALIZED_AUTOS = YES_AGGRESSIVE;
				GCC_WARN_UNUSED_FUNCTION = YES;
				GCC_WARN_UNUSED_VARIABLE = YES;
				IPHONEOS_DEPLOYMENT_TARGET = 10.3;
				MTL_ENABLE_DEBUG_INFO = YES;
				ONLY_ACTIVE_ARCH = YES;
				SDKROOT = iphoneos;
				SWIFT_ACTIVE_COMPILATION_CONDITIONS = DEBUG;
				SWIFT_OPTIMIZATION_LEVEL = "-Onone";
			};
			name = Debug;
		};
		1D9399071EA7EDFD00EE91EB /* Release */ = {
			isa = XCBuildConfiguration;
			buildSettings = {
				ALWAYS_SEARCH_USER_PATHS = NO;
				CLANG_ANALYZER_NONNULL = YES;
				CLANG_ANALYZER_NUMBER_OBJECT_CONVERSION = YES_AGGRESSIVE;
				CLANG_CXX_LANGUAGE_STANDARD = "gnu++0x";
				CLANG_CXX_LIBRARY = "libc++";
				CLANG_ENABLE_MODULES = YES;
				CLANG_ENABLE_OBJC_ARC = YES;
				CLANG_WARN_BOOL_CONVERSION = YES;
				CLANG_WARN_CONSTANT_CONVERSION = YES;
				CLANG_WARN_DIRECT_OBJC_ISA_USAGE = YES_ERROR;
				CLANG_WARN_DOCUMENTATION_COMMENTS = YES;
				CLANG_WARN_EMPTY_BODY = YES;
				CLANG_WARN_ENUM_CONVERSION = YES;
				CLANG_WARN_INFINITE_RECURSION = YES;
				CLANG_WARN_INT_CONVERSION = YES;
				CLANG_WARN_OBJC_ROOT_CLASS = YES_ERROR;
				CLANG_WARN_SUSPICIOUS_MOVE = YES;
				CLANG_WARN_UNREACHABLE_CODE = YES;
				CLANG_WARN__DUPLICATE_METHOD_MATCH = YES;
				"CODE_SIGN_IDENTITY[sdk=iphoneos*]" = "iPhone Developer";
				COPY_PHASE_STRIP = NO;
				DEBUG_INFORMATION_FORMAT = "dwarf-with-dsym";
				ENABLE_NS_ASSERTIONS = NO;
				ENABLE_STRICT_OBJC_MSGSEND = YES;
				GCC_C_LANGUAGE_STANDARD = gnu99;
				GCC_NO_COMMON_BLOCKS = YES;
				GCC_WARN_64_TO_32_BIT_CONVERSION = YES;
				GCC_WARN_ABOUT_RETURN_TYPE = YES_ERROR;
				GCC_WARN_UNDECLARED_SELECTOR = YES;
				GCC_WARN_UNINITIALIZED_AUTOS = YES_AGGRESSIVE;
				GCC_WARN_UNUSED_FUNCTION = YES;
				GCC_WARN_UNUSED_VARIABLE = YES;
				IPHONEOS_DEPLOYMENT_TARGET = 10.3;
				MTL_ENABLE_DEBUG_INFO = NO;
				SDKROOT = iphoneos;
				SWIFT_OPTIMIZATION_LEVEL = "-Owholemodule";
				VALIDATE_PRODUCT = YES;
			};
			name = Release;
		};
		1D9399091EA7EDFD00EE91EB /* Debug */ = {
			isa = XCBuildConfiguration;
			buildSettings = {
				ASSETCATALOG_COMPILER_APPICON_NAME = AppIcon;
				DEVELOPMENT_TEAM = 349F6PJY22;
				INFOPLIST_FILE = Map/Info.plist;
				LD_RUNPATH_SEARCH_PATHS = "$(inherited) @executable_path/Frameworks";
				PRODUCT_BUNDLE_IDENTIFIER = br.com.mackmobile.Map;
				PRODUCT_NAME = "$(TARGET_NAME)";
				SWIFT_VERSION = 3.0;
			};
			name = Debug;
		};
		1D93990A1EA7EDFD00EE91EB /* Release */ = {
			isa = XCBuildConfiguration;
			buildSettings = {
				ASSETCATALOG_COMPILER_APPICON_NAME = AppIcon;
				DEVELOPMENT_TEAM = 349F6PJY22;
				INFOPLIST_FILE = Map/Info.plist;
				LD_RUNPATH_SEARCH_PATHS = "$(inherited) @executable_path/Frameworks";
				PRODUCT_BUNDLE_IDENTIFIER = br.com.mackmobile.Map;
				PRODUCT_NAME = "$(TARGET_NAME)";
				SWIFT_VERSION = 3.0;
			};
			name = Release;
		};
/* End XCBuildConfiguration section */

/* Begin XCConfigurationList section */
		1D9398F11EA7EDFD00EE91EB /* Build configuration list for PBXProject "Map" */ = {
			isa = XCConfigurationList;
			buildConfigurations = (
				1D9399061EA7EDFD00EE91EB /* Debug */,
				1D9399071EA7EDFD00EE91EB /* Release */,
			);
			defaultConfigurationIsVisible = 0;
			defaultConfigurationName = Release;
		};
		1D9399081EA7EDFD00EE91EB /* Build configuration list for PBXNativeTarget "Map" */ = {
			isa = XCConfigurationList;
			buildConfigurations = (
				1D9399091EA7EDFD00EE91EB /* Debug */,
				1D93990A1EA7EDFD00EE91EB /* Release */,
			);
			defaultConfigurationIsVisible = 0;
		};
/* End XCConfigurationList section */
	};
	rootObject = 1D9398EE1EA7EDFD00EE91EB /* Project object */;
}
